
Microsoft Visual Studio Solution File, Format Version 12.00
# Visual Studio Version 17
VisualStudioVersion = 17.5.33502.453
MinimumVisualStudioVersion = 10.0.40219.1
Project("{FAE04EC0-301F-11D3-BF4B-00C04F79EFBC}") = "Okienkowa_1", "Okienkowa_1\Okienkowa_1.csproj", "{F9F62691-D630-47DF-9C4C-8AC7C1B4B4C1}"
EndProject
Global
	GlobalSection(SolutionConfigurationPlatforms) = preSolution
		Debug|Any CPU = Debug|Any CPU
		Release|Any CPU = Release|Any CPU
	EndGlobalSection
	GlobalSection(ProjectConfigurationPlatforms) = postSolution
		{F9F62691-D630-47DF-9C4C-8AC7C1B4B4C1}.Debug|Any CPU.ActiveCfg = Debug|Any CPU
		{F9F62691-D630-47DF-9C4C-8AC7C1B4B4C1}.Debug|Any CPU.Build.0 = Debug|Any CPU
		{F9F62691-D630-47DF-9C4C-8AC7C1B4B4C1}.Release|Any CPU.ActiveCfg = Release|Any CPU
		{F9F62691-D630-47DF-9C4C-8AC7C1B4B4C1}.Release|Any CPU.Build.0 = Release|Any CPU
	EndGlobalSection
	GlobalSection(SolutionProperties) = preSolution
		HideSolutionNode = FALSE
	EndGlobalSection
	GlobalSection(ExtensibilityGlobals) = postSolution
		SolutionGuid = {BA08670B-8077-401B-9DD2-AC1EF2609201}
	EndGlobalSection
EndGlobal
